
Microsoft Visual Studio Solution File, Format Version 11.00
# Visual C# Express 2010
Project("{FAE04EC0-301F-11D3-BF4B-00C04F79EFBC}") = "UHWID", "UHWID\UHWID.csproj", "{5F4B5D3C-4558-4062-9A43-B8024139BF19}"
EndProject
Project("{FAE04EC0-301F-11D3-BF4B-00C04F79EFBC}") = "Demo", "Demo\Demo.csproj", "{6DDB292C-8C45-44DB-9933-D50B03A67256}"
EndProject
Global
	GlobalSection(SolutionConfigurationPlatforms) = preSolution
		Debug|Any CPU = Debug|Any CPU
		Release|Any CPU = Release|Any CPU
	EndGlobalSection
	GlobalSection(ProjectConfigurationPlatforms) = postSolution
		{5F4B5D3C-4558-4062-9A43-B8024139BF19}.Debug|Any CPU.ActiveCfg = Debug|Any CPU
		{5F4B5D3C-4558-4062-9A43-B8024139BF19}.Debug|Any CPU.Build.0 = Debug|Any CPU
		{5F4B5D3C-4558-4062-9A43-B8024139BF19}.Release|Any CPU.ActiveCfg = Release|Any CPU
		{5F4B5D3C-4558-4062-9A43-B8024139BF19}.Release|Any CPU.Build.0 = Release|Any CPU
		{6DDB292C-8C45-44DB-9933-D50B03A67256}.Debug|Any CPU.ActiveCfg = Debug|Any CPU
		{6DDB292C-8C45-44DB-9933-D50B03A67256}.Debug|Any CPU.Build.0 = Debug|Any CPU
		{6DDB292C-8C45-44DB-9933-D50B03A67256}.Release|Any CPU.ActiveCfg = Release|Any CPU
		{6DDB292C-8C45-44DB-9933-D50B03A67256}.Release|Any CPU.Build.0 = Release|Any CPU
	EndGlobalSection
	GlobalSection(SolutionProperties) = preSolution
		HideSolutionNode = FALSE
	EndGlobalSection
EndGlobal
